// !$*UTF8*$!
{
	archiveVersion = 1;
	classes = {
	};
	objectVersion = 55;
	objects = {

/* Begin PBXBuildFile section */
		D3046A8F272ADD08009A1552 /* LocationCell.swift in Sources */ = {isa = PBXBuildFile; fileRef = D3046A8E272ADD08009A1552 /* LocationCell.swift */; };
		D3046A91272ADD4B009A1552 /* AvatarView.swift in Sources */ = {isa = PBXBuildFile; fileRef = D3046A90272ADD4B009A1552 /* AvatarView.swift */; };
		D3046A93272AE09C009A1552 /* CustomModifiers.swift in Sources */ = {isa = PBXBuildFile; fileRef = D3046A92272AE09C009A1552 /* CustomModifiers.swift */; };
		D3046A95272AE0B8009A1552 /* View+Ext.swift in Sources */ = {isa = PBXBuildFile; fileRef = D3046A94272AE0B8009A1552 /* View+Ext.swift */; };
		D3046A9A272AE20C009A1552 /* DDGButton.swift in Sources */ = {isa = PBXBuildFile; fileRef = D3046A99272AE20C009A1552 /* DDGButton.swift */; };
		D3046AA3272AE690009A1552 /* CloudKit.framework in Frameworks */ = {isa = PBXBuildFile; fileRef = D3046AA2272AE690009A1552 /* CloudKit.framework */; };
		D32895AA272A908900A93CC4 /* LocationDetailView.swift in Sources */ = {isa = PBXBuildFile; fileRef = D32895A9272A908900A93CC4 /* LocationDetailView.swift */; };
		D373BDE3272A786800A8A502 /* DubDubGrubApp.swift in Sources */ = {isa = PBXBuildFile; fileRef = D373BDE2272A786800A8A502 /* DubDubGrubApp.swift */; };
		D373BDE7272A786B00A8A502 /* Assets.xcassets in Resources */ = {isa = PBXBuildFile; fileRef = D373BDE6272A786B00A8A502 /* Assets.xcassets */; };
		D373BDEA272A786B00A8A502 /* Preview Assets.xcassets in Resources */ = {isa = PBXBuildFile; fileRef = D373BDE9272A786B00A8A502 /* Preview Assets.xcassets */; };
		D373BDF1272A822400A8A502 /* Color+Ext.swift in Sources */ = {isa = PBXBuildFile; fileRef = D373BDF0272A822400A8A502 /* Color+Ext.swift */; };
		D373BDF3272A827100A8A502 /* AppTabView.swift in Sources */ = {isa = PBXBuildFile; fileRef = D373BDF2272A827100A8A502 /* AppTabView.swift */; };
		D373BDF5272A829D00A8A502 /* LocationMapView.swift in Sources */ = {isa = PBXBuildFile; fileRef = D373BDF4272A829D00A8A502 /* LocationMapView.swift */; };
		D373BDF7272A82C600A8A502 /* LocationListView.swift in Sources */ = {isa = PBXBuildFile; fileRef = D373BDF6272A82C600A8A502 /* LocationListView.swift */; };
		D373BDF9272A82E600A8A502 /* ProfileView.swift in Sources */ = {isa = PBXBuildFile; fileRef = D373BDF8272A82E600A8A502 /* ProfileView.swift */; };
		D375DA4E272BC13A00770BBB /* DDGProfile.swift in Sources */ = {isa = PBXBuildFile; fileRef = D375DA4D272BC13A00770BBB /* DDGProfile.swift */; };
		D375DA50272BC29B00770BBB /* MockData.swift in Sources */ = {isa = PBXBuildFile; fileRef = D375DA4F272BC29B00770BBB /* MockData.swift */; };
		D3F26B82272B05A900966744 /* DDGLocation.swift in Sources */ = {isa = PBXBuildFile; fileRef = D3F26B81272B05A900966744 /* DDGLocation.swift */; };
/* End PBXBuildFile section */

/* Begin PBXFileReference section */
		D3046A8E272ADD08009A1552 /* LocationCell.swift */ = {isa = PBXFileReference; lastKnownFileType = sourcecode.swift; path = LocationCell.swift; sourceTree = "<group>"; };
		D3046A90272ADD4B009A1552 /* AvatarView.swift */ = {isa = PBXFileReference; lastKnownFileType = sourcecode.swift; path = AvatarView.swift; sourceTree = "<group>"; };
		D3046A92272AE09C009A1552 /* CustomModifiers.swift */ = {isa = PBXFileReference; lastKnownFileType = sourcecode.swift; path = CustomModifiers.swift; sourceTree = "<group>"; };
		D3046A94272AE0B8009A1552 /* View+Ext.swift */ = {isa = PBXFileReference; lastKnownFileType = sourcecode.swift; path = "View+Ext.swift"; sourceTree = "<group>"; };
		D3046A99272AE20C009A1552 /* DDGButton.swift */ = {isa = PBXFileReference; lastKnownFileType = sourcecode.swift; path = DDGButton.swift; sourceTree = "<group>"; };
		D3046AA0272AE679009A1552 /* DubDubGrub.entitlements */ = {isa = PBXFileReference; lastKnownFileType = text.plist.entitlements; path = DubDubGrub.entitlements; sourceTree = "<group>"; };
		D3046AA2272AE690009A1552 /* CloudKit.framework */ = {isa = PBXFileReference; lastKnownFileType = wrapper.framework; name = CloudKit.framework; path = System/Library/Frameworks/CloudKit.framework; sourceTree = SDKROOT; };
		D32895A9272A908900A93CC4 /* LocationDetailView.swift */ = {isa = PBXFileReference; lastKnownFileType = sourcecode.swift; path = LocationDetailView.swift; sourceTree = "<group>"; };
		D373BDDF272A786800A8A502 /* DubDubGrub.app */ = {isa = PBXFileReference; explicitFileType = wrapper.application; includeInIndex = 0; path = DubDubGrub.app; sourceTree = BUILT_PRODUCTS_DIR; };
		D373BDE2272A786800A8A502 /* DubDubGrubApp.swift */ = {isa = PBXFileReference; lastKnownFileType = sourcecode.swift; path = DubDubGrubApp.swift; sourceTree = "<group>"; };
		D373BDE6272A786B00A8A502 /* Assets.xcassets */ = {isa = PBXFileReference; lastKnownFileType = folder.assetcatalog; path = Assets.xcassets; sourceTree = "<group>"; };
		D373BDE9272A786B00A8A502 /* Preview Assets.xcassets */ = {isa = PBXFileReference; lastKnownFileType = folder.assetcatalog; path = "Preview Assets.xcassets"; sourceTree = "<group>"; };
		D373BDF0272A822400A8A502 /* Color+Ext.swift */ = {isa = PBXFileReference; lastKnownFileType = sourcecode.swift; path = "Color+Ext.swift"; sourceTree = "<group>"; };
		D373BDF2272A827100A8A502 /* AppTabView.swift */ = {isa = PBXFileReference; lastKnownFileType = sourcecode.swift; path = AppTabView.swift; sourceTree = "<group>"; };
		D373BDF4272A829D00A8A502 /* LocationMapView.swift */ = {isa = PBXFileReference; lastKnownFileType = sourcecode.swift; path = LocationMapView.swift; sourceTree = "<group>"; };
		D373BDF6272A82C600A8A502 /* LocationListView.swift */ = {isa = PBXFileReference; lastKnownFileType = sourcecode.swift; path = LocationListView.swift; sourceTree = "<group>"; };
		D373BDF8272A82E600A8A502 /* ProfileView.swift */ = {isa = PBXFileReference; lastKnownFileType = sourcecode.swift; path = ProfileView.swift; sourceTree = "<group>"; };
		D375DA4D272BC13A00770BBB /* DDGProfile.swift */ = {isa = PBXFileReference; lastKnownFileType = sourcecode.swift; path = DDGProfile.swift; sourceTree = "<group>"; };
		D375DA4F272BC29B00770BBB /* MockData.swift */ = {isa = PBXFileReference; lastKnownFileType = sourcecode.swift; path = MockData.swift; sourceTree = "<group>"; };
		D3F26B81272B05A900966744 /* DDGLocation.swift */ = {isa = PBXFileReference; lastKnownFileType = sourcecode.swift; path = DDGLocation.swift; sourceTree = "<group>"; };
/* End PBXFileReference section */

/* Begin PBXFrameworksBuildPhase section */
		D373BDDC272A786800A8A502 /* Frameworks */ = {
			isa = PBXFrameworksBuildPhase;
			buildActionMask = 2147483647;
			files = (
				D3046AA3272AE690009A1552 /* CloudKit.framework in Frameworks */,
			);
			runOnlyForDeploymentPostprocessing = 0;
		};
/* End PBXFrameworksBuildPhase section */

/* Begin PBXGroup section */
		D3046A98272AE1FA009A1552 /* Extensions */ = {
			isa = PBXGroup;
			children = (
				D3046A94272AE0B8009A1552 /* View+Ext.swift */,
				D373BDF0272A822400A8A502 /* Color+Ext.swift */,
			);
			path = Extensions;
			sourceTree = "<group>";
		};
		D3046A9B272AE431009A1552 /* Views */ = {
			isa = PBXGroup;
			children = (
				D3046A92272AE09C009A1552 /* CustomModifiers.swift */,
				D3046A9E272AE44C009A1552 /* CustomViews */,
				D3046A9D272AE445009A1552 /* Cells */,
				D3046A9C272AE439009A1552 /* Screens */,
			);
			path = Views;
			sourceTree = "<group>";
		};
		D3046A9C272AE439009A1552 /* Screens */ = {
			isa = PBXGroup;
			children = (
				D373BDF2272A827100A8A502 /* AppTabView.swift */,
				D373BDF4272A829D00A8A502 /* LocationMapView.swift */,
				D373BDF6272A82C600A8A502 /* LocationListView.swift */,
				D32895A9272A908900A93CC4 /* LocationDetailView.swift */,
				D373BDF8272A82E600A8A502 /* ProfileView.swift */,
			);
			path = Screens;
			sourceTree = "<group>";
		};
		D3046A9D272AE445009A1552 /* Cells */ = {
			isa = PBXGroup;
			children = (
				D3046A8E272ADD08009A1552 /* LocationCell.swift */,
			);
			path = Cells;
			sourceTree = "<group>";
		};
		D3046A9E272AE44C009A1552 /* CustomViews */ = {
			isa = PBXGroup;
			children = (
				D3046A99272AE20C009A1552 /* DDGButton.swift */,
				D3046A90272ADD4B009A1552 /* AvatarView.swift */,
			);
			path = CustomViews;
			sourceTree = "<group>";
		};
		D3046AA1272AE690009A1552 /* Frameworks */ = {
			isa = PBXGroup;
			children = (
				D3046AA2272AE690009A1552 /* CloudKit.framework */,
			);
			name = Frameworks;
			sourceTree = "<group>";
		};
		D373BDD6272A786800A8A502 = {
			isa = PBXGroup;
			children = (
				D373BDE1272A786800A8A502 /* DubDubGrub */,
				D373BDE0272A786800A8A502 /* Products */,
				D3046AA1272AE690009A1552 /* Frameworks */,
			);
			sourceTree = "<group>";
		};
		D373BDE0272A786800A8A502 /* Products */ = {
			isa = PBXGroup;
			children = (
				D373BDDF272A786800A8A502 /* DubDubGrub.app */,
			);
			name = Products;
			sourceTree = "<group>";
		};
		D373BDE1272A786800A8A502 /* DubDubGrub */ = {
			isa = PBXGroup;
			children = (
				D3F26B80272B059100966744 /* Model */,
				D3046AA0272AE679009A1552 /* DubDubGrub.entitlements */,
				D3046A98272AE1FA009A1552 /* Extensions */,
				D3046A9B272AE431009A1552 /* Views */,
				D373BDE2272A786800A8A502 /* DubDubGrubApp.swift */,
				D373BDE6272A786B00A8A502 /* Assets.xcassets */,
				D373BDE8272A786B00A8A502 /* Preview Content */,
			);
			path = DubDubGrub;
			sourceTree = "<group>";
		};
		D373BDE8272A786B00A8A502 /* Preview Content */ = {
			isa = PBXGroup;
			children = (
				D373BDE9272A786B00A8A502 /* Preview Assets.xcassets */,
			);
			path = "Preview Content";
			sourceTree = "<group>";
		};
		D3F26B80272B059100966744 /* Model */ = {
			isa = PBXGroup;
			children = (
				D3F26B81272B05A900966744 /* DDGLocation.swift */,
				D375DA4D272BC13A00770BBB /* DDGProfile.swift */,
				D375DA4F272BC29B00770BBB /* MockData.swift */,
			);
			path = Model;
			sourceTree = "<group>";
		};
/* End PBXGroup section */

/* Begin PBXNativeTarget section */
		D373BDDE272A786800A8A502 /* DubDubGrub */ = {
			isa = PBXNativeTarget;
			buildConfigurationList = D373BDED272A786B00A8A502 /* Build configuration list for PBXNativeTarget "DubDubGrub" */;
			buildPhases = (
				D373BDDB272A786800A8A502 /* Sources */,
				D373BDDC272A786800A8A502 /* Frameworks */,
				D373BDDD272A786800A8A502 /* Resources */,
			);
			buildRules = (
			);
			dependencies = (
			);
			name = DubDubGrub;
			productName = DubDubGrub;
			productReference = D373BDDF272A786800A8A502 /* DubDubGrub.app */;
			productType = "com.apple.product-type.application";
		};
/* End PBXNativeTarget section */

/* Begin PBXProject section */
		D373BDD7272A786800A8A502 /* Project object */ = {
			isa = PBXProject;
			attributes = {
				BuildIndependentTargetsInParallel = 1;
				LastSwiftUpdateCheck = 1310;
				LastUpgradeCheck = 1310;
				TargetAttributes = {
					D373BDDE272A786800A8A502 = {
						CreatedOnToolsVersion = 13.1;
					};
				};
			};
			buildConfigurationList = D373BDDA272A786800A8A502 /* Build configuration list for PBXProject "DubDubGrub" */;
			compatibilityVersion = "Xcode 13.0";
			developmentRegion = en;
			hasScannedForEncodings = 0;
			knownRegions = (
				en,
				Base,
			);
			mainGroup = D373BDD6272A786800A8A502;
			productRefGroup = D373BDE0272A786800A8A502 /* Products */;
			projectDirPath = "";
			projectRoot = "";
			targets = (
				D373BDDE272A786800A8A502 /* DubDubGrub */,
			);
		};
/* End PBXProject section */

/* Begin PBXResourcesBuildPhase section */
		D373BDDD272A786800A8A502 /* Resources */ = {
			isa = PBXResourcesBuildPhase;
			buildActionMask = 2147483647;
			files = (
				D373BDEA272A786B00A8A502 /* Preview Assets.xcassets in Resources */,
				D373BDE7272A786B00A8A502 /* Assets.xcassets in Resources */,
			);
			runOnlyForDeploymentPostprocessing = 0;
		};
/* End PBXResourcesBuildPhase section */

/* Begin PBXSourcesBuildPhase section */
		D373BDDB272A786800A8A502 /* Sources */ = {
			isa = PBXSourcesBuildPhase;
			buildActionMask = 2147483647;
			files = (
				D373BDE3272A786800A8A502 /* DubDubGrubApp.swift in Sources */,
				D373BDF5272A829D00A8A502 /* LocationMapView.swift in Sources */,
				D373BDF7272A82C600A8A502 /* LocationListView.swift in Sources */,
				D32895AA272A908900A93CC4 /* LocationDetailView.swift in Sources */,
				D375DA50272BC29B00770BBB /* MockData.swift in Sources */,
				D373BDF3272A827100A8A502 /* AppTabView.swift in Sources */,
				D375DA4E272BC13A00770BBB /* DDGProfile.swift in Sources */,
				D3F26B82272B05A900966744 /* DDGLocation.swift in Sources */,
				D373BDF9272A82E600A8A502 /* ProfileView.swift in Sources */,
				D3046A8F272ADD08009A1552 /* LocationCell.swift in Sources */,
				D3046A95272AE0B8009A1552 /* View+Ext.swift in Sources */,
				D3046A91272ADD4B009A1552 /* AvatarView.swift in Sources */,
				D3046A9A272AE20C009A1552 /* DDGButton.swift in Sources */,
				D373BDF1272A822400A8A502 /* Color+Ext.swift in Sources */,
				D3046A93272AE09C009A1552 /* CustomModifiers.swift in Sources */,
			);
			runOnlyForDeploymentPostprocessing = 0;
		};
/* End PBXSourcesBuildPhase section */

/* Begin XCBuildConfiguration section */
		D373BDEB272A786B00A8A502 /* Debug */ = {
			isa = XCBuildConfiguration;
			buildSettings = {
				ALWAYS_SEARCH_USER_PATHS = NO;
				CLANG_ANALYZER_NONNULL = YES;
				CLANG_ANALYZER_NUMBER_OBJECT_CONVERSION = YES_AGGRESSIVE;
				CLANG_CXX_LANGUAGE_STANDARD = "gnu++17";
				CLANG_CXX_LIBRARY = "libc++";
				CLANG_ENABLE_MODULES = YES;
				CLANG_ENABLE_OBJC_ARC = YES;
				CLANG_ENABLE_OBJC_WEAK = YES;
				CLANG_WARN_BLOCK_CAPTURE_AUTORELEASING = YES;
				CLANG_WARN_BOOL_CONVERSION = YES;
				CLANG_WARN_COMMA = YES;
				CLANG_WARN_CONSTANT_CONVERSION = YES;
				CLANG_WARN_DEPRECATED_OBJC_IMPLEMENTATIONS = YES;
				CLANG_WARN_DIRECT_OBJC_ISA_USAGE = YES_ERROR;
				CLANG_WARN_DOCUMENTATION_COMMENTS = YES;
				CLANG_WARN_EMPTY_BODY = YES;
				CLANG_WARN_ENUM_CONVERSION = YES;
				CLANG_WARN_INFINITE_RECURSION = YES;
				CLANG_WARN_INT_CONVERSION = YES;
				CLANG_WARN_NON_LITERAL_NULL_CONVERSION = YES;
				CLANG_WARN_OBJC_IMPLICIT_RETAIN_SELF = YES;
				CLANG_WARN_OBJC_LITERAL_CONVERSION = YES;
				CLANG_WARN_OBJC_ROOT_CLASS = YES_ERROR;
				CLANG_WARN_QUOTED_INCLUDE_IN_FRAMEWORK_HEADER = YES;
				CLANG_WARN_RANGE_LOOP_ANALYSIS = YES;
				CLANG_WARN_STRICT_PROTOTYPES = YES;
				CLANG_WARN_SUSPICIOUS_MOVE = YES;
				CLANG_WARN_UNGUARDED_AVAILABILITY = YES_AGGRESSIVE;
				CLANG_WARN_UNREACHABLE_CODE = YES;
				CLANG_WARN__DUPLICATE_METHOD_MATCH = YES;
				COPY_PHASE_STRIP = NO;
				DEBUG_INFORMATION_FORMAT = dwarf;
				ENABLE_STRICT_OBJC_MSGSEND = YES;
				ENABLE_TESTABILITY = YES;
				GCC_C_LANGUAGE_STANDARD = gnu11;
				GCC_DYNAMIC_NO_PIC = NO;
				GCC_NO_COMMON_BLOCKS = YES;
				GCC_OPTIMIZATION_LEVEL = 0;
				GCC_PREPROCESSOR_DEFINITIONS = (
					"DEBUG=1",
					"$(inherited)",
				);
				GCC_WARN_64_TO_32_BIT_CONVERSION = YES;
				GCC_WARN_ABOUT_RETURN_TYPE = YES_ERROR;
				GCC_WARN_UNDECLARED_SELECTOR = YES;
				GCC_WARN_UNINITIALIZED_AUTOS = YES_AGGRESSIVE;
				GCC_WARN_UNUSED_FUNCTION = YES;
				GCC_WARN_UNUSED_VARIABLE = YES;
				IPHONEOS_DEPLOYMENT_TARGET = 15.0;
				MTL_ENABLE_DEBUG_INFO = INCLUDE_SOURCE;
				MTL_FAST_MATH = YES;
				ONLY_ACTIVE_ARCH = YES;
				SDKROOT = iphoneos;
				SWIFT_ACTIVE_COMPILATION_CONDITIONS = DEBUG;
				SWIFT_OPTIMIZATION_LEVEL = "-Onone";
			};
			name = Debug;
		};
		D373BDEC272A786B00A8A502 /* Release */ = {
			isa = XCBuildConfiguration;
			buildSettings = {
				ALWAYS_SEARCH_USER_PATHS = NO;
				CLANG_ANALYZER_NONNULL = YES;
				CLANG_ANALYZER_NUMBER_OBJECT_CONVERSION = YES_AGGRESSIVE;
				CLANG_CXX_LANGUAGE_STANDARD = "gnu++17";
				CLANG_CXX_LIBRARY = "libc++";
				CLANG_ENABLE_MODULES = YES;
				CLANG_ENABLE_OBJC_ARC = YES;
				CLANG_ENABLE_OBJC_WEAK = YES;
				CLANG_WARN_BLOCK_CAPTURE_AUTORELEASING = YES;
				CLANG_WARN_BOOL_CONVERSION = YES;
				CLANG_WARN_COMMA = YES;
				CLANG_WARN_CONSTANT_CONVERSION = YES;
				CLANG_WARN_DEPRECATED_OBJC_IMPLEMENTATIONS = YES;
				CLANG_WARN_DIRECT_OBJC_ISA_USAGE = YES_ERROR;
				CLANG_WARN_DOCUMENTATION_COMMENTS = YES;
				CLANG_WARN_EMPTY_BODY = YES;
				CLANG_WARN_ENUM_CONVERSION = YES;
				CLANG_WARN_INFINITE_RECURSION = YES;
				CLANG_WARN_INT_CONVERSION = YES;
				CLANG_WARN_NON_LITERAL_NULL_CONVERSION = YES;
				CLANG_WARN_OBJC_IMPLICIT_RETAIN_SELF = YES;
				CLANG_WARN_OBJC_LITERAL_CONVERSION = YES;
				CLANG_WARN_OBJC_ROOT_CLASS = YES_ERROR;
				CLANG_WARN_QUOTED_INCLUDE_IN_FRAMEWORK_HEADER = YES;
				CLANG_WARN_RANGE_LOOP_ANALYSIS = YES;
				CLANG_WARN_STRICT_PROTOTYPES = YES;
				CLANG_WARN_SUSPICIOUS_MOVE = YES;
				CLANG_WARN_UNGUARDED_AVAILABILITY = YES_AGGRESSIVE;
				CLANG_WARN_UNREACHABLE_CODE = YES;
				CLANG_WARN__DUPLICATE_METHOD_MATCH = YES;
				COPY_PHASE_STRIP = NO;
				DEBUG_INFORMATION_FORMAT = "dwarf-with-dsym";
				ENABLE_NS_ASSERTIONS = NO;
				ENABLE_STRICT_OBJC_MSGSEND = YES;
				GCC_C_LANGUAGE_STANDARD = gnu11;
				GCC_NO_COMMON_BLOCKS = YES;
				GCC_WARN_64_TO_32_BIT_CONVERSION = YES;
				GCC_WARN_ABOUT_RETURN_TYPE = YES_ERROR;
				GCC_WARN_UNDECLARED_SELECTOR = YES;
				GCC_WARN_UNINITIALIZED_AUTOS = YES_AGGRESSIVE;
				GCC_WARN_UNUSED_FUNCTION = YES;
				GCC_WARN_UNUSED_VARIABLE = YES;
				IPHONEOS_DEPLOYMENT_TARGET = 15.0;
				MTL_ENABLE_DEBUG_INFO = NO;
				MTL_FAST_MATH = YES;
				SDKROOT = iphoneos;
				SWIFT_COMPILATION_MODE = wholemodule;
				SWIFT_OPTIMIZATION_LEVEL = "-O";
				VALIDATE_PRODUCT = YES;
			};
			name = Release;
		};
		D373BDEE272A786B00A8A502 /* Debug */ = {
			isa = XCBuildConfiguration;
			buildSettings = {
				ASSETCATALOG_COMPILER_APPICON_NAME = AppIcon;
				ASSETCATALOG_COMPILER_GLOBAL_ACCENT_COLOR_NAME = AccentColor;
				CODE_SIGN_ENTITLEMENTS = DubDubGrub/DubDubGrub.entitlements;
				CODE_SIGN_STYLE = Automatic;
				CURRENT_PROJECT_VERSION = 1;
				DEVELOPMENT_ASSET_PATHS = "\"DubDubGrub/Preview Content\"";
				DEVELOPMENT_TEAM = K2X8834C2C;
				ENABLE_PREVIEWS = YES;
				GENERATE_INFOPLIST_FILE = YES;
				INFOPLIST_KEY_UIApplicationSceneManifest_Generation = YES;
				INFOPLIST_KEY_UIApplicationSupportsIndirectInputEvents = YES;
				INFOPLIST_KEY_UILaunchScreen_Generation = YES;
				INFOPLIST_KEY_UISupportedInterfaceOrientations_iPad = "UIInterfaceOrientationPortrait UIInterfaceOrientationPortraitUpsideDown UIInterfaceOrientationLandscapeLeft UIInterfaceOrientationLandscapeRight";
				INFOPLIST_KEY_UISupportedInterfaceOrientations_iPhone = "UIInterfaceOrientationPortrait UIInterfaceOrientationLandscapeLeft UIInterfaceOrientationLandscapeRight";
				LD_RUNPATH_SEARCH_PATHS = (
					"$(inherited)",
					"@executable_path/Frameworks",
				);
				MARKETING_VERSION = 1.0;
				PRODUCT_BUNDLE_IDENTIFIER = com.simonbogutzky.DubDubGrub;
				PRODUCT_NAME = "$(TARGET_NAME)";
				SWIFT_EMIT_LOC_STRINGS = YES;
				SWIFT_VERSION = 5.0;
				TARGETED_DEVICE_FAMILY = "1,2";
			};
			name = Debug;
		};
		D373BDEF272A786B00A8A502 /* Release */ = {
			isa = XCBuildConfiguration;
			buildSettings = {
				ASSETCATALOG_COMPILER_APPICON_NAME = AppIcon;
				ASSETCATALOG_COMPILER_GLOBAL_ACCENT_COLOR_NAME = AccentColor;
				CODE_SIGN_ENTITLEMENTS = DubDubGrub/DubDubGrub.entitlements;
				CODE_SIGN_STYLE = Automatic;
				CURRENT_PROJECT_VERSION = 1;
				DEVELOPMENT_ASSET_PATHS = "\"DubDubGrub/Preview Content\"";
				DEVELOPMENT_TEAM = K2X8834C2C;
				ENABLE_PREVIEWS = YES;
				GENERATE_INFOPLIST_FILE = YES;
				INFOPLIST_KEY_UIApplicationSceneManifest_Generation = YES;
				INFOPLIST_KEY_UIApplicationSupportsIndirectInputEvents = YES;
				INFOPLIST_KEY_UILaunchScreen_Generation = YES;
				INFOPLIST_KEY_UISupportedInterfaceOrientations_iPad = "UIInterfaceOrientationPortrait UIInterfaceOrientationPortraitUpsideDown UIInterfaceOrientationLandscapeLeft UIInterfaceOrientationLandscapeRight";
				INFOPLIST_KEY_UISupportedInterfaceOrientations_iPhone = "UIInterfaceOrientationPortrait UIInterfaceOrientationLandscapeLeft UIInterfaceOrientationLandscapeRight";
				LD_RUNPATH_SEARCH_PATHS = (
					"$(inherited)",
					"@executable_path/Frameworks",
				);
				MARKETING_VERSION = 1.0;
				PRODUCT_BUNDLE_IDENTIFIER = com.simonbogutzky.DubDubGrub;
				PRODUCT_NAME = "$(TARGET_NAME)";
				SWIFT_EMIT_LOC_STRINGS = YES;
				SWIFT_VERSION = 5.0;
				TARGETED_DEVICE_FAMILY = "1,2";
			};
			name = Release;
		};
/* End XCBuildConfiguration section */

/* Begin XCConfigurationList section */
		D373BDDA272A786800A8A502 /* Build configuration list for PBXProject "DubDubGrub" */ = {
			isa = XCConfigurationList;
			buildConfigurations = (
				D373BDEB272A786B00A8A502 /* Debug */,
				D373BDEC272A786B00A8A502 /* Release */,
			);
			defaultConfigurationIsVisible = 0;
			defaultConfigurationName = Release;
		};
		D373BDED272A786B00A8A502 /* Build configuration list for PBXNativeTarget "DubDubGrub" */ = {
			isa = XCConfigurationList;
			buildConfigurations = (
				D373BDEE272A786B00A8A502 /* Debug */,
				D373BDEF272A786B00A8A502 /* Release */,
			);
			defaultConfigurationIsVisible = 0;
			defaultConfigurationName = Release;
		};
/* End XCConfigurationList section */
	};
	rootObject = D373BDD7272A786800A8A502 /* Project object */;
}
